
Microsoft Visual Studio Solution File, Format Version 12.00
# Visual Studio Version 17
VisualStudioVersion = 17.7.34024.191
MinimumVisualStudioVersion = 10.0.40219.1
Project("{FAE04EC0-301F-11D3-BF4B-00C04F79EFBC}") = "SwimDataLoad", "SwimDataLoad\SwimDataLoad.csproj", "{10A1A4B2-B63D-40D7-9AEB-3279432C09A8}"
EndProject
Global
	GlobalSection(SolutionConfigurationPlatforms) = preSolution
		Debug|Any CPU = Debug|Any CPU
		Release|Any CPU = Release|Any CPU
	EndGlobalSection
	GlobalSection(ProjectConfigurationPlatforms) = postSolution
		{10A1A4B2-B63D-40D7-9AEB-3279432C09A8}.Debug|Any CPU.ActiveCfg = Debug|Any CPU
		{10A1A4B2-B63D-40D7-9AEB-3279432C09A8}.Debug|Any CPU.Build.0 = Debug|Any CPU
		{10A1A4B2-B63D-40D7-9AEB-3279432C09A8}.Release|Any CPU.ActiveCfg = Release|Any CPU
		{10A1A4B2-B63D-40D7-9AEB-3279432C09A8}.Release|Any CPU.Build.0 = Release|Any CPU
	EndGlobalSection
	GlobalSection(SolutionProperties) = preSolution
		HideSolutionNode = FALSE
	EndGlobalSection
	GlobalSection(ExtensibilityGlobals) = postSolution
		SolutionGuid = {48E363ED-F039-47D0-9228-FD6A21F66961}
	EndGlobalSection
EndGlobal
